
Microsoft Visual Studio Solution File, Format Version 11.00
# Visual C# Express 2010
Project("{FAE04EC0-301F-11D3-BF4B-00C04F79EFBC}") = "tcpServer", "tcpServer\tcpServer.csproj", "{537D46B1-F453-4EE7-B0F9-0336D7AF745A}"
EndProject
Project("{FAE04EC0-301F-11D3-BF4B-00C04F79EFBC}") = "WinspecInterfaceServer", "Winspec Interface Server App\WinspecInterfaceServer.csproj", "{15C75208-316E-46FC-8D87-CE5DAC471475}"
EndProject
Global
	GlobalSection(SolutionConfigurationPlatforms) = preSolution
		Debug|Any CPU = Debug|Any CPU
		Release|Any CPU = Release|Any CPU
	EndGlobalSection
	GlobalSection(ProjectConfigurationPlatforms) = postSolution
		{537D46B1-F453-4EE7-B0F9-0336D7AF745A}.Debug|Any CPU.ActiveCfg = Debug|Any CPU
		{537D46B1-F453-4EE7-B0F9-0336D7AF745A}.Debug|Any CPU.Build.0 = Debug|Any CPU
		{537D46B1-F453-4EE7-B0F9-0336D7AF745A}.Release|Any CPU.ActiveCfg = Release|Any CPU
		{537D46B1-F453-4EE7-B0F9-0336D7AF745A}.Release|Any CPU.Build.0 = Release|Any CPU
		{15C75208-316E-46FC-8D87-CE5DAC471475}.Debug|Any CPU.ActiveCfg = Debug|Any CPU
		{15C75208-316E-46FC-8D87-CE5DAC471475}.Debug|Any CPU.Build.0 = Debug|Any CPU
		{15C75208-316E-46FC-8D87-CE5DAC471475}.Release|Any CPU.ActiveCfg = Release|Any CPU
		{15C75208-316E-46FC-8D87-CE5DAC471475}.Release|Any CPU.Build.0 = Release|Any CPU
	EndGlobalSection
	GlobalSection(SolutionProperties) = preSolution
		HideSolutionNode = FALSE
	EndGlobalSection
EndGlobal
